
Microsoft Visual Studio Solution File, Format Version 12.00
# Visual Studio Version 17
VisualStudioVersion = 17.6.33801.468
MinimumVisualStudioVersion = 10.0.40219.1
Project("{FAE04EC0-301F-11D3-BF4B-00C04F79EFBC}") = "cinema", "cinema.csproj", "{956AE39B-362D-4854-8580-02E426D1BEEC}"
EndProject
Global
	GlobalSection(SolutionConfigurationPlatforms) = preSolution
		Debug|Any CPU = Debug|Any CPU
		Release|Any CPU = Release|Any CPU
	EndGlobalSection
	GlobalSection(ProjectConfigurationPlatforms) = postSolution
		{956AE39B-362D-4854-8580-02E426D1BEEC}.Debug|Any CPU.ActiveCfg = Debug|Any CPU
		{956AE39B-362D-4854-8580-02E426D1BEEC}.Debug|Any CPU.Build.0 = Debug|Any CPU
		{956AE39B-362D-4854-8580-02E426D1BEEC}.Release|Any CPU.ActiveCfg = Release|Any CPU
		{956AE39B-362D-4854-8580-02E426D1BEEC}.Release|Any CPU.Build.0 = Release|Any CPU
	EndGlobalSection
	GlobalSection(SolutionProperties) = preSolution
		HideSolutionNode = FALSE
	EndGlobalSection
	GlobalSection(ExtensibilityGlobals) = postSolution
		SolutionGuid = {AC632FD9-799A-4974-A5C8-64FC991FE633}
	EndGlobalSection
EndGlobal
