
Microsoft Visual Studio Solution File, Format Version 12.00
# Visual Studio Version 17
VisualStudioVersion = 17.6.33801.468
MinimumVisualStudioVersion = 10.0.40219.1
Project("{9A19103F-16F7-4668-BE54-9A1E7A4F7556}") = "cinema", "cinema.csproj", "{956AE39B-362D-4854-8580-02E426D1BEEC}"
EndProject
Project("{FAE04EC0-301F-11D3-BF4B-00C04F79EFBC}") = "summer outfit", "..\summer outfit\summer outfit.csproj", "{C0EFBD2E-55D5-4840-B381-E493D17950EC}"
EndProject
Project("{FAE04EC0-301F-11D3-BF4B-00C04F79EFBC}") = "new house", "..\new house\new house.csproj", "{BEB562F6-C9AF-4389-A923-F99A84CCCBE8}"
EndProject
Project("{FAE04EC0-301F-11D3-BF4B-00C04F79EFBC}") = "fishing boat", "..\fishing boat\fishing boat.csproj", "{A0A2F8B4-F076-4C4E-A503-EC99FB61022A}"
EndProject
Project("{FAE04EC0-301F-11D3-BF4B-00C04F79EFBC}") = "journey", "..\journey\journey.csproj", "{E8032D90-2458-44A4-A563-F85A7E20EA9A}"
EndProject
Project("{FAE04EC0-301F-11D3-BF4B-00C04F79EFBC}") = "operations between numbers", "..\operations between numbers\operations between numbers.csproj", "{25AE3856-BBBC-4E0D-99F4-7E5D442E809E}"
EndProject
Project("{FAE04EC0-301F-11D3-BF4B-00C04F79EFBC}") = "hotel room", "..\hotel room\hotel room.csproj", "{3CE6FA12-2A8B-4B18-A93C-70636C886DD2}"
EndProject
Project("{FAE04EC0-301F-11D3-BF4B-00C04F79EFBC}") = "onTimeForTheEam", "..\onTimeForTheEam\onTimeForTheEam.csproj", "{B863B7F2-F97F-4E38-8DD9-B1D145A7A571}"
EndProject
Global
	GlobalSection(SolutionConfigurationPlatforms) = preSolution
		Debug|Any CPU = Debug|Any CPU
		Release|Any CPU = Release|Any CPU
	EndGlobalSection
	GlobalSection(ProjectConfigurationPlatforms) = postSolution
		{956AE39B-362D-4854-8580-02E426D1BEEC}.Debug|Any CPU.ActiveCfg = Debug|Any CPU
		{956AE39B-362D-4854-8580-02E426D1BEEC}.Debug|Any CPU.Build.0 = Debug|Any CPU
		{956AE39B-362D-4854-8580-02E426D1BEEC}.Release|Any CPU.ActiveCfg = Release|Any CPU
		{956AE39B-362D-4854-8580-02E426D1BEEC}.Release|Any CPU.Build.0 = Release|Any CPU
		{C0EFBD2E-55D5-4840-B381-E493D17950EC}.Debug|Any CPU.ActiveCfg = Debug|Any CPU
		{C0EFBD2E-55D5-4840-B381-E493D17950EC}.Debug|Any CPU.Build.0 = Debug|Any CPU
		{C0EFBD2E-55D5-4840-B381-E493D17950EC}.Release|Any CPU.ActiveCfg = Release|Any CPU
		{C0EFBD2E-55D5-4840-B381-E493D17950EC}.Release|Any CPU.Build.0 = Release|Any CPU
		{BEB562F6-C9AF-4389-A923-F99A84CCCBE8}.Debug|Any CPU.ActiveCfg = Debug|Any CPU
		{BEB562F6-C9AF-4389-A923-F99A84CCCBE8}.Debug|Any CPU.Build.0 = Debug|Any CPU
		{BEB562F6-C9AF-4389-A923-F99A84CCCBE8}.Release|Any CPU.ActiveCfg = Release|Any CPU
		{BEB562F6-C9AF-4389-A923-F99A84CCCBE8}.Release|Any CPU.Build.0 = Release|Any CPU
		{A0A2F8B4-F076-4C4E-A503-EC99FB61022A}.Debug|Any CPU.ActiveCfg = Debug|Any CPU
		{A0A2F8B4-F076-4C4E-A503-EC99FB61022A}.Debug|Any CPU.Build.0 = Debug|Any CPU
		{A0A2F8B4-F076-4C4E-A503-EC99FB61022A}.Release|Any CPU.ActiveCfg = Release|Any CPU
		{A0A2F8B4-F076-4C4E-A503-EC99FB61022A}.Release|Any CPU.Build.0 = Release|Any CPU
		{E8032D90-2458-44A4-A563-F85A7E20EA9A}.Debug|Any CPU.ActiveCfg = Debug|Any CPU
		{E8032D90-2458-44A4-A563-F85A7E20EA9A}.Debug|Any CPU.Build.0 = Debug|Any CPU
		{E8032D90-2458-44A4-A563-F85A7E20EA9A}.Release|Any CPU.ActiveCfg = Release|Any CPU
		{E8032D90-2458-44A4-A563-F85A7E20EA9A}.Release|Any CPU.Build.0 = Release|Any CPU
		{25AE3856-BBBC-4E0D-99F4-7E5D442E809E}.Debug|Any CPU.ActiveCfg = Debug|Any CPU
		{25AE3856-BBBC-4E0D-99F4-7E5D442E809E}.Debug|Any CPU.Build.0 = Debug|Any CPU
		{25AE3856-BBBC-4E0D-99F4-7E5D442E809E}.Release|Any CPU.ActiveCfg = Release|Any CPU
		{25AE3856-BBBC-4E0D-99F4-7E5D442E809E}.Release|Any CPU.Build.0 = Release|Any CPU
		{3CE6FA12-2A8B-4B18-A93C-70636C886DD2}.Debug|Any CPU.ActiveCfg = Debug|Any CPU
		{3CE6FA12-2A8B-4B18-A93C-70636C886DD2}.Debug|Any CPU.Build.0 = Debug|Any CPU
		{3CE6FA12-2A8B-4B18-A93C-70636C886DD2}.Release|Any CPU.ActiveCfg = Release|Any CPU
		{3CE6FA12-2A8B-4B18-A93C-70636C886DD2}.Release|Any CPU.Build.0 = Release|Any CPU
		{B863B7F2-F97F-4E38-8DD9-B1D145A7A571}.Debug|Any CPU.ActiveCfg = Debug|Any CPU
		{B863B7F2-F97F-4E38-8DD9-B1D145A7A571}.Debug|Any CPU.Build.0 = Debug|Any CPU
		{B863B7F2-F97F-4E38-8DD9-B1D145A7A571}.Release|Any CPU.ActiveCfg = Release|Any CPU
		{B863B7F2-F97F-4E38-8DD9-B1D145A7A571}.Release|Any CPU.Build.0 = Release|Any CPU
	EndGlobalSection
	GlobalSection(SolutionProperties) = preSolution
		HideSolutionNode = FALSE
	EndGlobalSection
	GlobalSection(ExtensibilityGlobals) = postSolution
		SolutionGuid = {AC632FD9-799A-4974-A5C8-64FC991FE633}
	EndGlobalSection
EndGlobal
