
Microsoft Visual Studio Solution File, Format Version 12.00
# Visual Studio Version 17
VisualStudioVersion = 17.6.33801.468
MinimumVisualStudioVersion = 10.0.40219.1
Project("{FAE04EC0-301F-11D3-BF4B-00C04F79EFBC}") = "christmas", "christmas\christmas.csproj", "{0B1FF26A-6900-42E1-BEAC-E0CEAB5AA8D8}"
EndProject
Project("{FAE04EC0-301F-11D3-BF4B-00C04F79EFBC}") = "football kit", "football kit\football kit.csproj", "{248075C4-B5DA-489E-B8F8-F3FC7B00AF79}"
EndProject
Project("{FAE04EC0-301F-11D3-BF4B-00C04F79EFBC}") = "Courier express", "Courier express\Courier express.csproj", "{13BE5888-92AB-483E-9EBF-41A7CB3CF974}"
EndProject
Global
	GlobalSection(SolutionConfigurationPlatforms) = preSolution
		Debug|Any CPU = Debug|Any CPU
		Release|Any CPU = Release|Any CPU
	EndGlobalSection
	GlobalSection(ProjectConfigurationPlatforms) = postSolution
		{0B1FF26A-6900-42E1-BEAC-E0CEAB5AA8D8}.Debug|Any CPU.ActiveCfg = Debug|Any CPU
		{0B1FF26A-6900-42E1-BEAC-E0CEAB5AA8D8}.Debug|Any CPU.Build.0 = Debug|Any CPU
		{0B1FF26A-6900-42E1-BEAC-E0CEAB5AA8D8}.Release|Any CPU.ActiveCfg = Release|Any CPU
		{0B1FF26A-6900-42E1-BEAC-E0CEAB5AA8D8}.Release|Any CPU.Build.0 = Release|Any CPU
		{248075C4-B5DA-489E-B8F8-F3FC7B00AF79}.Debug|Any CPU.ActiveCfg = Debug|Any CPU
		{248075C4-B5DA-489E-B8F8-F3FC7B00AF79}.Debug|Any CPU.Build.0 = Debug|Any CPU
		{248075C4-B5DA-489E-B8F8-F3FC7B00AF79}.Release|Any CPU.ActiveCfg = Release|Any CPU
		{248075C4-B5DA-489E-B8F8-F3FC7B00AF79}.Release|Any CPU.Build.0 = Release|Any CPU
		{13BE5888-92AB-483E-9EBF-41A7CB3CF974}.Debug|Any CPU.ActiveCfg = Debug|Any CPU
		{13BE5888-92AB-483E-9EBF-41A7CB3CF974}.Debug|Any CPU.Build.0 = Debug|Any CPU
		{13BE5888-92AB-483E-9EBF-41A7CB3CF974}.Release|Any CPU.ActiveCfg = Release|Any CPU
		{13BE5888-92AB-483E-9EBF-41A7CB3CF974}.Release|Any CPU.Build.0 = Release|Any CPU
	EndGlobalSection
	GlobalSection(SolutionProperties) = preSolution
		HideSolutionNode = FALSE
	EndGlobalSection
	GlobalSection(ExtensibilityGlobals) = postSolution
		SolutionGuid = {32E0BFFC-0798-4EFF-B237-329E03E0730B}
	EndGlobalSection
EndGlobal
